// !$*UTF8*$!
{
	archiveVersion = 1;
	classes = {
	};
	objectVersion = 50;
	objects = {

/* Begin PBXBuildFile section */
		5988DAF0214C568800AD230A /* AppDelegate.swift in Sources */ = {isa = PBXBuildFile; fileRef = 5988DAEF214C568800AD230A /* AppDelegate.swift */; };
		5988DAF2214C568800AD230A /* ViewController.swift in Sources */ = {isa = PBXBuildFile; fileRef = 5988DAF1214C568800AD230A /* ViewController.swift */; };
		5988DAF5214C568800AD230A /* Main.storyboard in Resources */ = {isa = PBXBuildFile; fileRef = 5988DAF3214C568800AD230A /* Main.storyboard */; };
		5988DAF7214C568C00AD230A /* Assets.xcassets in Resources */ = {isa = PBXBuildFile; fileRef = 5988DAF6214C568C00AD230A /* Assets.xcassets */; };
		5988DAFA214C568C00AD230A /* LaunchScreen.storyboard in Resources */ = {isa = PBXBuildFile; fileRef = 5988DAF8214C568C00AD230A /* LaunchScreen.storyboard */; };
		5988DB05214C568C00AD230A /* Tumblr_FeedTests.swift in Sources */ = {isa = PBXBuildFile; fileRef = 5988DB04214C568C00AD230A /* Tumblr_FeedTests.swift */; };
		5988DB10214C568C00AD230A /* Tumblr_FeedUITests.swift in Sources */ = {isa = PBXBuildFile; fileRef = 5988DB0F214C568C00AD230A /* Tumblr_FeedUITests.swift */; };
/* End PBXBuildFile section */

/* Begin PBXContainerItemProxy section */
		5988DB01214C568C00AD230A /* PBXContainerItemProxy */ = {
			isa = PBXContainerItemProxy;
			containerPortal = 5988DAE4214C568800AD230A /* Project object */;
			proxyType = 1;
			remoteGlobalIDString = 5988DAEB214C568800AD230A;
			remoteInfo = "Tumblr Feed";
		};
		5988DB0C214C568C00AD230A /* PBXContainerItemProxy */ = {
			isa = PBXContainerItemProxy;
			containerPortal = 5988DAE4214C568800AD230A /* Project object */;
			proxyType = 1;
			remoteGlobalIDString = 5988DAEB214C568800AD230A;
			remoteInfo = "Tumblr Feed";
		};
/* End PBXContainerItemProxy section */

/* Begin PBXFileReference section */
		5988DAEC214C568800AD230A /* Tumblr Feed.app */ = {isa = PBXFileReference; explicitFileType = wrapper.application; includeInIndex = 0; path = "Tumblr Feed.app"; sourceTree = BUILT_PRODUCTS_DIR; };
		5988DAEF214C568800AD230A /* AppDelegate.swift */ = {isa = PBXFileReference; lastKnownFileType = sourcecode.swift; path = AppDelegate.swift; sourceTree = "<group>"; };
		5988DAF1214C568800AD230A /* ViewController.swift */ = {isa = PBXFileReference; lastKnownFileType = sourcecode.swift; path = ViewController.swift; sourceTree = "<group>"; };
		5988DAF4214C568800AD230A /* Base */ = {isa = PBXFileReference; lastKnownFileType = file.storyboard; name = Base; path = Base.lproj/Main.storyboard; sourceTree = "<group>"; };
		5988DAF6214C568C00AD230A /* Assets.xcassets */ = {isa = PBXFileReference; lastKnownFileType = folder.assetcatalog; path = Assets.xcassets; sourceTree = "<group>"; };
		5988DAF9214C568C00AD230A /* Base */ = {isa = PBXFileReference; lastKnownFileType = file.storyboard; name = Base; path = Base.lproj/LaunchScreen.storyboard; sourceTree = "<group>"; };
		5988DAFB214C568C00AD230A /* Info.plist */ = {isa = PBXFileReference; lastKnownFileType = text.plist.xml; path = Info.plist; sourceTree = "<group>"; };
		5988DB00214C568C00AD230A /* Tumblr FeedTests.xctest */ = {isa = PBXFileReference; explicitFileType = wrapper.cfbundle; includeInIndex = 0; path = "Tumblr FeedTests.xctest"; sourceTree = BUILT_PRODUCTS_DIR; };
		5988DB04214C568C00AD230A /* Tumblr_FeedTests.swift */ = {isa = PBXFileReference; lastKnownFileType = sourcecode.swift; path = Tumblr_FeedTests.swift; sourceTree = "<group>"; };
		5988DB06214C568C00AD230A /* Info.plist */ = {isa = PBXFileReference; lastKnownFileType = text.plist.xml; path = Info.plist; sourceTree = "<group>"; };
		5988DB0B214C568C00AD230A /* Tumblr FeedUITests.xctest */ = {isa = PBXFileReference; explicitFileType = wrapper.cfbundle; includeInIndex = 0; path = "Tumblr FeedUITests.xctest"; sourceTree = BUILT_PRODUCTS_DIR; };
		5988DB0F214C568C00AD230A /* Tumblr_FeedUITests.swift */ = {isa = PBXFileReference; lastKnownFileType = sourcecode.swift; path = Tumblr_FeedUITests.swift; sourceTree = "<group>"; };
		5988DB11214C568C00AD230A /* Info.plist */ = {isa = PBXFileReference; lastKnownFileType = text.plist.xml; path = Info.plist; sourceTree = "<group>"; };
/* End PBXFileReference section */

/* Begin PBXFrameworksBuildPhase section */
		5988DAE9214C568800AD230A /* Frameworks */ = {
			isa = PBXFrameworksBuildPhase;
			buildActionMask = 2147483647;
			files = (
			);
			runOnlyForDeploymentPostprocessing = 0;
		};
		5988DAFD214C568C00AD230A /* Frameworks */ = {
			isa = PBXFrameworksBuildPhase;
			buildActionMask = 2147483647;
			files = (
			);
			runOnlyForDeploymentPostprocessing = 0;
		};
		5988DB08214C568C00AD230A /* Frameworks */ = {
			isa = PBXFrameworksBuildPhase;
			buildActionMask = 2147483647;
			files = (
			);
			runOnlyForDeploymentPostprocessing = 0;
		};
/* End PBXFrameworksBuildPhase section */

/* Begin PBXGroup section */
		5988DAE3214C568800AD230A = {
			isa = PBXGroup;
			children = (
				5988DAEE214C568800AD230A /* Tumblr Feed */,
				5988DB03214C568C00AD230A /* Tumblr FeedTests */,
				5988DB0E214C568C00AD230A /* Tumblr FeedUITests */,
				5988DAED214C568800AD230A /* Products */,
			);
			sourceTree = "<group>";
		};
		5988DAED214C568800AD230A /* Products */ = {
			isa = PBXGroup;
			children = (
				5988DAEC214C568800AD230A /* Tumblr Feed.app */,
				5988DB00214C568C00AD230A /* Tumblr FeedTests.xctest */,
				5988DB0B214C568C00AD230A /* Tumblr FeedUITests.xctest */,
			);
			name = Products;
			sourceTree = "<group>";
		};
		5988DAEE214C568800AD230A /* Tumblr Feed */ = {
			isa = PBXGroup;
			children = (
				5988DAEF214C568800AD230A /* AppDelegate.swift */,
				5988DAF1214C568800AD230A /* ViewController.swift */,
				5988DAF3214C568800AD230A /* Main.storyboard */,
				5988DAF6214C568C00AD230A /* Assets.xcassets */,
				5988DAF8214C568C00AD230A /* LaunchScreen.storyboard */,
				5988DAFB214C568C00AD230A /* Info.plist */,
			);
			path = "Tumblr Feed";
			sourceTree = "<group>";
		};
		5988DB03214C568C00AD230A /* Tumblr FeedTests */ = {
			isa = PBXGroup;
			children = (
				5988DB04214C568C00AD230A /* Tumblr_FeedTests.swift */,
				5988DB06214C568C00AD230A /* Info.plist */,
			);
			path = "Tumblr FeedTests";
			sourceTree = "<group>";
		};
		5988DB0E214C568C00AD230A /* Tumblr FeedUITests */ = {
			isa = PBXGroup;
			children = (
				5988DB0F214C568C00AD230A /* Tumblr_FeedUITests.swift */,
				5988DB11214C568C00AD230A /* Info.plist */,
			);
			path = "Tumblr FeedUITests";
			sourceTree = "<group>";
		};
/* End PBXGroup section */

/* Begin PBXNativeTarget section */
		5988DAEB214C568800AD230A /* Tumblr Feed */ = {
			isa = PBXNativeTarget;
			buildConfigurationList = 5988DB14214C568C00AD230A /* Build configuration list for PBXNativeTarget "Tumblr Feed" */;
			buildPhases = (
				5988DAE8214C568800AD230A /* Sources */,
				5988DAE9214C568800AD230A /* Frameworks */,
				5988DAEA214C568800AD230A /* Resources */,
			);
			buildRules = (
			);
			dependencies = (
			);
			name = "Tumblr Feed";
			productName = "Tumblr Feed";
			productReference = 5988DAEC214C568800AD230A /* Tumblr Feed.app */;
			productType = "com.apple.product-type.application";
		};
		5988DAFF214C568C00AD230A /* Tumblr FeedTests */ = {
			isa = PBXNativeTarget;
			buildConfigurationList = 5988DB17214C568C00AD230A /* Build configuration list for PBXNativeTarget "Tumblr FeedTests" */;
			buildPhases = (
				5988DAFC214C568C00AD230A /* Sources */,
				5988DAFD214C568C00AD230A /* Frameworks */,
				5988DAFE214C568C00AD230A /* Resources */,
			);
			buildRules = (
			);
			dependencies = (
				5988DB02214C568C00AD230A /* PBXTargetDependency */,
			);
			name = "Tumblr FeedTests";
			productName = "Tumblr FeedTests";
			productReference = 5988DB00214C568C00AD230A /* Tumblr FeedTests.xctest */;
			productType = "com.apple.product-type.bundle.unit-test";
		};
		5988DB0A214C568C00AD230A /* Tumblr FeedUITests */ = {
			isa = PBXNativeTarget;
			buildConfigurationList = 5988DB1A214C568C00AD230A /* Build configuration list for PBXNativeTarget "Tumblr FeedUITests" */;
			buildPhases = (
				5988DB07214C568C00AD230A /* Sources */,
				5988DB08214C568C00AD230A /* Frameworks */,
				5988DB09214C568C00AD230A /* Resources */,
			);
			buildRules = (
			);
			dependencies = (
				5988DB0D214C568C00AD230A /* PBXTargetDependency */,
			);
			name = "Tumblr FeedUITests";
			productName = "Tumblr FeedUITests";
			productReference = 5988DB0B214C568C00AD230A /* Tumblr FeedUITests.xctest */;
			productType = "com.apple.product-type.bundle.ui-testing";
		};
/* End PBXNativeTarget section */

/* Begin PBXProject section */
		5988DAE4214C568800AD230A /* Project object */ = {
			isa = PBXProject;
			attributes = {
				LastSwiftUpdateCheck = 0940;
				LastUpgradeCheck = 0940;
				ORGANIZATIONNAME = "Djason  Sylvaince";
				TargetAttributes = {
					5988DAEB214C568800AD230A = {
						CreatedOnToolsVersion = 9.4.1;
					};
					5988DAFF214C568C00AD230A = {
						CreatedOnToolsVersion = 9.4.1;
						TestTargetID = 5988DAEB214C568800AD230A;
					};
					5988DB0A214C568C00AD230A = {
						CreatedOnToolsVersion = 9.4.1;
						TestTargetID = 5988DAEB214C568800AD230A;
					};
				};
			};
			buildConfigurationList = 5988DAE7214C568800AD230A /* Build configuration list for PBXProject "Tumblr Feed" */;
			compatibilityVersion = "Xcode 9.3";
			developmentRegion = en;
			hasScannedForEncodings = 0;
			knownRegions = (
				en,
				Base,
			);
			mainGroup = 5988DAE3214C568800AD230A;
			productRefGroup = 5988DAED214C568800AD230A /* Products */;
			projectDirPath = "";
			projectRoot = "";
			targets = (
				5988DAEB214C568800AD230A /* Tumblr Feed */,
				5988DAFF214C568C00AD230A /* Tumblr FeedTests */,
				5988DB0A214C568C00AD230A /* Tumblr FeedUITests */,
			);
		};
/* End PBXProject section */

/* Begin PBXResourcesBuildPhase section */
		5988DAEA214C568800AD230A /* Resources */ = {
			isa = PBXResourcesBuildPhase;
			buildActionMask = 2147483647;
			files = (
				5988DAFA214C568C00AD230A /* LaunchScreen.storyboard in Resources */,
				5988DAF7214C568C00AD230A /* Assets.xcassets in Resources */,
				5988DAF5214C568800AD230A /* Main.storyboard in Resources */,
			);
			runOnlyForDeploymentPostprocessing = 0;
		};
		5988DAFE214C568C00AD230A /* Resources */ = {
			isa = PBXResourcesBuildPhase;
			buildActionMask = 2147483647;
			files = (
			);
			runOnlyForDeploymentPostprocessing = 0;
		};
		5988DB09214C568C00AD230A /* Resources */ = {
			isa = PBXResourcesBuildPhase;
			buildActionMask = 2147483647;
			files = (
			);
			runOnlyForDeploymentPostprocessing = 0;
		};
/* End PBXResourcesBuildPhase section */

/* Begin PBXSourcesBuildPhase section */
		5988DAE8214C568800AD230A /* Sources */ = {
			isa = PBXSourcesBuildPhase;
			buildActionMask = 2147483647;
			files = (
				5988DAF2214C568800AD230A /* ViewController.swift in Sources */,
				5988DAF0214C568800AD230A /* AppDelegate.swift in Sources */,
			);
			runOnlyForDeploymentPostprocessing = 0;
		};
		5988DAFC214C568C00AD230A /* Sources */ = {
			isa = PBXSourcesBuildPhase;
			buildActionMask = 2147483647;
			files = (
				5988DB05214C568C00AD230A /* Tumblr_FeedTests.swift in Sources */,
			);
			runOnlyForDeploymentPostprocessing = 0;
		};
		5988DB07214C568C00AD230A /* Sources */ = {
			isa = PBXSourcesBuildPhase;
			buildActionMask = 2147483647;
			files = (
				5988DB10214C568C00AD230A /* Tumblr_FeedUITests.swift in Sources */,
			);
			runOnlyForDeploymentPostprocessing = 0;
		};
/* End PBXSourcesBuildPhase section */

/* Begin PBXTargetDependency section */
		5988DB02214C568C00AD230A /* PBXTargetDependency */ = {
			isa = PBXTargetDependency;
			target = 5988DAEB214C568800AD230A /* Tumblr Feed */;
			targetProxy = 5988DB01214C568C00AD230A /* PBXContainerItemProxy */;
		};
		5988DB0D214C568C00AD230A /* PBXTargetDependency */ = {
			isa = PBXTargetDependency;
			target = 5988DAEB214C568800AD230A /* Tumblr Feed */;
			targetProxy = 5988DB0C214C568C00AD230A /* PBXContainerItemProxy */;
		};
/* End PBXTargetDependency section */

/* Begin PBXVariantGroup section */
		5988DAF3214C568800AD230A /* Main.storyboard */ = {
			isa = PBXVariantGroup;
			children = (
				5988DAF4214C568800AD230A /* Base */,
			);
			name = Main.storyboard;
			sourceTree = "<group>";
		};
		5988DAF8214C568C00AD230A /* LaunchScreen.storyboard */ = {
			isa = PBXVariantGroup;
			children = (
				5988DAF9214C568C00AD230A /* Base */,
			);
			name = LaunchScreen.storyboard;
			sourceTree = "<group>";
		};
/* End PBXVariantGroup section */

/* Begin XCBuildConfiguration section */
		5988DB12214C568C00AD230A /* Debug */ = {
			isa = XCBuildConfiguration;
			buildSettings = {
				ALWAYS_SEARCH_USER_PATHS = NO;
				CLANG_ANALYZER_NONNULL = YES;
				CLANG_ANALYZER_NUMBER_OBJECT_CONVERSION = YES_AGGRESSIVE;
				CLANG_CXX_LANGUAGE_STANDARD = "gnu++14";
				CLANG_CXX_LIBRARY = "libc++";
				CLANG_ENABLE_MODULES = YES;
				CLANG_ENABLE_OBJC_ARC = YES;
				CLANG_ENABLE_OBJC_WEAK = YES;
				CLANG_WARN_BLOCK_CAPTURE_AUTORELEASING = YES;
				CLANG_WARN_BOOL_CONVERSION = YES;
				CLANG_WARN_COMMA = YES;
				CLANG_WARN_CONSTANT_CONVERSION = YES;
				CLANG_WARN_DEPRECATED_OBJC_IMPLEMENTATIONS = YES;
				CLANG_WARN_DIRECT_OBJC_ISA_USAGE = YES_ERROR;
				CLANG_WARN_DOCUMENTATION_COMMENTS = YES;
				CLANG_WARN_EMPTY_BODY = YES;
				CLANG_WARN_ENUM_CONVERSION = YES;
				CLANG_WARN_INFINITE_RECURSION = YES;
				CLANG_WARN_INT_CONVERSION = YES;
				CLANG_WARN_NON_LITERAL_NULL_CONVERSION = YES;
				CLANG_WARN_OBJC_IMPLICIT_RETAIN_SELF = YES;
				CLANG_WARN_OBJC_LITERAL_CONVERSION = YES;
				CLANG_WARN_OBJC_ROOT_CLASS = YES_ERROR;
				CLANG_WARN_RANGE_LOOP_ANALYSIS = YES;
				CLANG_WARN_STRICT_PROTOTYPES = YES;
				CLANG_WARN_SUSPICIOUS_MOVE = YES;
				CLANG_WARN_UNGUARDED_AVAILABILITY = YES_AGGRESSIVE;
				CLANG_WARN_UNREACHABLE_CODE = YES;
				CLANG_WARN__DUPLICATE_METHOD_MATCH = YES;
				CODE_SIGN_IDENTITY = "iPhone Developer";
				COPY_PHASE_STRIP = NO;
				DEBUG_INFORMATION_FORMAT = dwarf;
				ENABLE_STRICT_OBJC_MSGSEND = YES;
				ENABLE_TESTABILITY = YES;
				GCC_C_LANGUAGE_STANDARD = gnu11;
				GCC_DYNAMIC_NO_PIC = NO;
				GCC_NO_COMMON_BLOCKS = YES;
				GCC_OPTIMIZATION_LEVEL = 0;
				GCC_PREPROCESSOR_DEFINITIONS = (
					"DEBUG=1",
					"$(inherited)",
				);
				GCC_WARN_64_TO_32_BIT_CONVERSION = YES;
				GCC_WARN_ABOUT_RETURN_TYPE = YES_ERROR;
				GCC_WARN_UNDECLARED_SELECTOR = YES;
				GCC_WARN_UNINITIALIZED_AUTOS = YES_AGGRESSIVE;
				GCC_WARN_UNUSED_FUNCTION = YES;
				GCC_WARN_UNUSED_VARIABLE = YES;
				IPHONEOS_DEPLOYMENT_TARGET = 11.4;
				MTL_ENABLE_DEBUG_INFO = YES;
				ONLY_ACTIVE_ARCH = YES;
				SDKROOT = iphoneos;
				SWIFT_ACTIVE_COMPILATION_CONDITIONS = DEBUG;
				SWIFT_OPTIMIZATION_LEVEL = "-Onone";
			};
			name = Debug;
		};
		5988DB13214C568C00AD230A /* Release */ = {
			isa = XCBuildConfiguration;
			buildSettings = {
				ALWAYS_SEARCH_USER_PATHS = NO;
				CLANG_ANALYZER_NONNULL = YES;
				CLANG_ANALYZER_NUMBER_OBJECT_CONVERSION = YES_AGGRESSIVE;
				CLANG_CXX_LANGUAGE_STANDARD = "gnu++14";
				CLANG_CXX_LIBRARY = "libc++";
				CLANG_ENABLE_MODULES = YES;
				CLANG_ENABLE_OBJC_ARC = YES;
				CLANG_ENABLE_OBJC_WEAK = YES;
				CLANG_WARN_BLOCK_CAPTURE_AUTORELEASING = YES;
				CLANG_WARN_BOOL_CONVERSION = YES;
				CLANG_WARN_COMMA = YES;
				CLANG_WARN_CONSTANT_CONVERSION = YES;
				CLANG_WARN_DEPRECATED_OBJC_IMPLEMENTATIONS = YES;
				CLANG_WARN_DIRECT_OBJC_ISA_USAGE = YES_ERROR;
				CLANG_WARN_DOCUMENTATION_COMMENTS = YES;
				CLANG_WARN_EMPTY_BODY = YES;
				CLANG_WARN_ENUM_CONVERSION = YES;
				CLANG_WARN_INFINITE_RECURSION = YES;
				CLANG_WARN_INT_CONVERSION = YES;
				CLANG_WARN_NON_LITERAL_NULL_CONVERSION = YES;
				CLANG_WARN_OBJC_IMPLICIT_RETAIN_SELF = YES;
				CLANG_WARN_OBJC_LITERAL_CONVERSION = YES;
				CLANG_WARN_OBJC_ROOT_CLASS = YES_ERROR;
				CLANG_WARN_RANGE_LOOP_ANALYSIS = YES;
				CLANG_WARN_STRICT_PROTOTYPES = YES;
				CLANG_WARN_SUSPICIOUS_MOVE = YES;
				CLANG_WARN_UNGUARDED_AVAILABILITY = YES_AGGRESSIVE;
				CLANG_WARN_UNREACHABLE_CODE = YES;
				CLANG_WARN__DUPLICATE_METHOD_MATCH = YES;
				CODE_SIGN_IDENTITY = "iPhone Developer";
				COPY_PHASE_STRIP = NO;
				DEBUG_INFORMATION_FORMAT = "dwarf-with-dsym";
				ENABLE_NS_ASSERTIONS = NO;
				ENABLE_STRICT_OBJC_MSGSEND = YES;
				GCC_C_LANGUAGE_STANDARD = gnu11;
				GCC_NO_COMMON_BLOCKS = YES;
				GCC_WARN_64_TO_32_BIT_CONVERSION = YES;
				GCC_WARN_ABOUT_RETURN_TYPE = YES_ERROR;
				GCC_WARN_UNDECLARED_SELECTOR = YES;
				GCC_WARN_UNINITIALIZED_AUTOS = YES_AGGRESSIVE;
				GCC_WARN_UNUSED_FUNCTION = YES;
				GCC_WARN_UNUSED_VARIABLE = YES;
				IPHONEOS_DEPLOYMENT_TARGET = 11.4;
				MTL_ENABLE_DEBUG_INFO = NO;
				SDKROOT = iphoneos;
				SWIFT_COMPILATION_MODE = wholemodule;
				SWIFT_OPTIMIZATION_LEVEL = "-O";
				VALIDATE_PRODUCT = YES;
			};
			name = Release;
		};
		5988DB15214C568C00AD230A /* Debug */ = {
			isa = XCBuildConfiguration;
			buildSettings = {
				ASSETCATALOG_COMPILER_APPICON_NAME = AppIcon;
				CODE_SIGN_STYLE = Automatic;
				INFOPLIST_FILE = "Tumblr Feed/Info.plist";
				LD_RUNPATH_SEARCH_PATHS = (
					"$(inherited)",
					"@executable_path/Frameworks",
				);
				PRODUCT_BUNDLE_IDENTIFIER = "co.sylvaincedjason.Tumblr-Feed";
				PRODUCT_NAME = "$(TARGET_NAME)";
				SWIFT_VERSION = 4.0;
				TARGETED_DEVICE_FAMILY = "1,2";
			};
			name = Debug;
		};
		5988DB16214C568C00AD230A /* Release */ = {
			isa = XCBuildConfiguration;
			buildSettings = {
				ASSETCATALOG_COMPILER_APPICON_NAME = AppIcon;
				CODE_SIGN_STYLE = Automatic;
				INFOPLIST_FILE = "Tumblr Feed/Info.plist";
				LD_RUNPATH_SEARCH_PATHS = (
					"$(inherited)",
					"@executable_path/Frameworks",
				);
				PRODUCT_BUNDLE_IDENTIFIER = "co.sylvaincedjason.Tumblr-Feed";
				PRODUCT_NAME = "$(TARGET_NAME)";
				SWIFT_VERSION = 4.0;
				TARGETED_DEVICE_FAMILY = "1,2";
			};
			name = Release;
		};
		5988DB18214C568C00AD230A /* Debug */ = {
			isa = XCBuildConfiguration;
			buildSettings = {
				ALWAYS_EMBED_SWIFT_STANDARD_LIBRARIES = YES;
				BUNDLE_LOADER = "$(TEST_HOST)";
				CODE_SIGN_STYLE = Automatic;
				INFOPLIST_FILE = "Tumblr FeedTests/Info.plist";
				LD_RUNPATH_SEARCH_PATHS = (
					"$(inherited)",
					"@executable_path/Frameworks",
					"@loader_path/Frameworks",
				);
				PRODUCT_BUNDLE_IDENTIFIER = "co.sylvaincedjason.Tumblr-FeedTests";
				PRODUCT_NAME = "$(TARGET_NAME)";
				SWIFT_VERSION = 4.0;
				TARGETED_DEVICE_FAMILY = "1,2";
				TEST_HOST = "$(BUILT_PRODUCTS_DIR)/Tumblr Feed.app/Tumblr Feed";
			};
			name = Debug;
		};
		5988DB19214C568C00AD230A /* Release */ = {
			isa = XCBuildConfiguration;
			buildSettings = {
				ALWAYS_EMBED_SWIFT_STANDARD_LIBRARIES = YES;
				BUNDLE_LOADER = "$(TEST_HOST)";
				CODE_SIGN_STYLE = Automatic;
				INFOPLIST_FILE = "Tumblr FeedTests/Info.plist";
				LD_RUNPATH_SEARCH_PATHS = (
					"$(inherited)",
					"@executable_path/Frameworks",
					"@loader_path/Frameworks",
				);
				PRODUCT_BUNDLE_IDENTIFIER = "co.sylvaincedjason.Tumblr-FeedTests";
				PRODUCT_NAME = "$(TARGET_NAME)";
				SWIFT_VERSION = 4.0;
				TARGETED_DEVICE_FAMILY = "1,2";
				TEST_HOST = "$(BUILT_PRODUCTS_DIR)/Tumblr Feed.app/Tumblr Feed";
			};
			name = Release;
		};
		5988DB1B214C568C00AD230A /* Debug */ = {
			isa = XCBuildConfiguration;
			buildSettings = {
				ALWAYS_EMBED_SWIFT_STANDARD_LIBRARIES = YES;
				CODE_SIGN_STYLE = Automatic;
				INFOPLIST_FILE = "Tumblr FeedUITests/Info.plist";
				LD_RUNPATH_SEARCH_PATHS = (
					"$(inherited)",
					"@executable_path/Frameworks",
					"@loader_path/Frameworks",
				);
				PRODUCT_BUNDLE_IDENTIFIER = "co.sylvaincedjason.Tumblr-FeedUITests";
				PRODUCT_NAME = "$(TARGET_NAME)";
				SWIFT_VERSION = 4.0;
				TARGETED_DEVICE_FAMILY = "1,2";
				TEST_TARGET_NAME = "Tumblr Feed";
			};
			name = Debug;
		};
		5988DB1C214C568C00AD230A /* Release */ = {
			isa = XCBuildConfiguration;
			buildSettings = {
				ALWAYS_EMBED_SWIFT_STANDARD_LIBRARIES = YES;
				CODE_SIGN_STYLE = Automatic;
				INFOPLIST_FILE = "Tumblr FeedUITests/Info.plist";
				LD_RUNPATH_SEARCH_PATHS = (
					"$(inherited)",
					"@executable_path/Frameworks",
					"@loader_path/Frameworks",
				);
				PRODUCT_BUNDLE_IDENTIFIER = "co.sylvaincedjason.Tumblr-FeedUITests";
				PRODUCT_NAME = "$(TARGET_NAME)";
				SWIFT_VERSION = 4.0;
				TARGETED_DEVICE_FAMILY = "1,2";
				TEST_TARGET_NAME = "Tumblr Feed";
			};
			name = Release;
		};
/* End XCBuildConfiguration section */

/* Begin XCConfigurationList section */
		5988DAE7214C568800AD230A /* Build configuration list for PBXProject "Tumblr Feed" */ = {
			isa = XCConfigurationList;
			buildConfigurations = (
				5988DB12214C568C00AD230A /* Debug */,
				5988DB13214C568C00AD230A /* Release */,
			);
			defaultConfigurationIsVisible = 0;
			defaultConfigurationName = Release;
		};
		5988DB14214C568C00AD230A /* Build configuration list for PBXNativeTarget "Tumblr Feed" */ = {
			isa = XCConfigurationList;
			buildConfigurations = (
				5988DB15214C568C00AD230A /* Debug */,
				5988DB16214C568C00AD230A /* Release */,
			);
			defaultConfigurationIsVisible = 0;
			defaultConfigurationName = Release;
		};
		5988DB17214C568C00AD230A /* Build configuration list for PBXNativeTarget "Tumblr FeedTests" */ = {
			isa = XCConfigurationList;
			buildConfigurations = (
				5988DB18214C568C00AD230A /* Debug */,
				5988DB19214C568C00AD230A /* Release */,
			);
			defaultConfigurationIsVisible = 0;
			defaultConfigurationName = Release;
		};
		5988DB1A214C568C00AD230A /* Build configuration list for PBXNativeTarget "Tumblr FeedUITests" */ = {
			isa = XCConfigurationList;
			buildConfigurations = (
				5988DB1B214C568C00AD230A /* Debug */,
				5988DB1C214C568C00AD230A /* Release */,
			);
			defaultConfigurationIsVisible = 0;
			defaultConfigurationName = Release;
		};
/* End XCConfigurationList section */
	};
	rootObject = 5988DAE4214C568800AD230A /* Project object */;
}
